// !$*UTF8*$!
{
	archiveVersion = 1;
	classes = {
	};
	objectVersion = 77;
	objects = {

/* Begin PBXBuildFile section */
		EEB6623C2CCEB63B00F0DF6F /* SleepViewController.swift in Sources */ = {isa = PBXBuildFile; fileRef = EEB6623B2CCEB63B00F0DF6F /* SleepViewController.swift */; };
/* End PBXBuildFile section */

/* Begin PBXContainerItemProxy section */
		EEC5D4612CCD7BFA001E46A4 /* PBXContainerItemProxy */ = {
			isa = PBXContainerItemProxy;
			containerPortal = EEC5D4422CCD7BF9001E46A4 /* Project object */;
			proxyType = 1;
			remoteGlobalIDString = EEC5D4492CCD7BF9001E46A4;
			remoteInfo = Sleep;
		};
		EEC5D46B2CCD7BFA001E46A4 /* PBXContainerItemProxy */ = {
			isa = PBXContainerItemProxy;
			containerPortal = EEC5D4422CCD7BF9001E46A4 /* Project object */;
			proxyType = 1;
			remoteGlobalIDString = EEC5D4492CCD7BF9001E46A4;
			remoteInfo = Sleep;
		};
/* End PBXContainerItemProxy section */

/* Begin PBXFileReference section */
		EEB6623B2CCEB63B00F0DF6F /* SleepViewController.swift */ = {isa = PBXFileReference; lastKnownFileType = sourcecode.swift; path = SleepViewController.swift; sourceTree = "<group>"; };
		EEC5D44A2CCD7BF9001E46A4 /* Sleep.app */ = {isa = PBXFileReference; explicitFileType = wrapper.application; includeInIndex = 0; path = Sleep.app; sourceTree = BUILT_PRODUCTS_DIR; };
		EEC5D4602CCD7BFA001E46A4 /* SleepTests.xctest */ = {isa = PBXFileReference; explicitFileType = wrapper.cfbundle; includeInIndex = 0; path = SleepTests.xctest; sourceTree = BUILT_PRODUCTS_DIR; };
		EEC5D46A2CCD7BFA001E46A4 /* SleepUITests.xctest */ = {isa = PBXFileReference; explicitFileType = wrapper.cfbundle; includeInIndex = 0; path = SleepUITests.xctest; sourceTree = BUILT_PRODUCTS_DIR; };
/* End PBXFileReference section */

/* Begin PBXFileSystemSynchronizedBuildFileExceptionSet section */
		EEC5D4722CCD7BFA001E46A4 /* Exceptions for "Sleep" folder in "Sleep" target */ = {
			isa = PBXFileSystemSynchronizedBuildFileExceptionSet;
			membershipExceptions = (
				Info.plist,
			);
			target = EEC5D4492CCD7BF9001E46A4 /* Sleep */;
		};
/* End PBXFileSystemSynchronizedBuildFileExceptionSet section */

/* Begin PBXFileSystemSynchronizedRootGroup section */
		EEC5D44C2CCD7BF9001E46A4 /* Sleep */ = {
			isa = PBXFileSystemSynchronizedRootGroup;
			exceptions = (
				EEC5D4722CCD7BFA001E46A4 /* Exceptions for "Sleep" folder in "Sleep" target */,
			);
			path = Sleep;
			sourceTree = "<group>";
		};
		EEC5D4632CCD7BFA001E46A4 /* SleepTests */ = {
			isa = PBXFileSystemSynchronizedRootGroup;
			path = SleepTests;
			sourceTree = "<group>";
		};
		EEC5D46D2CCD7BFA001E46A4 /* SleepUITests */ = {
			isa = PBXFileSystemSynchronizedRootGroup;
			path = SleepUITests;
			sourceTree = "<group>";
		};
/* End PBXFileSystemSynchronizedRootGroup section */

/* Begin PBXFrameworksBuildPhase section */
		EEC5D4472CCD7BF9001E46A4 /* Frameworks */ = {
			isa = PBXFrameworksBuildPhase;
			buildActionMask = 2147483647;
			files = (
			);
			runOnlyForDeploymentPostprocessing = 0;
		};
		EEC5D45D2CCD7BFA001E46A4 /* Frameworks */ = {
			isa = PBXFrameworksBuildPhase;
			buildActionMask = 2147483647;
			files = (
			);
			runOnlyForDeploymentPostprocessing = 0;
		};
		EEC5D4672CCD7BFA001E46A4 /* Frameworks */ = {
			isa = PBXFrameworksBuildPhase;
			buildActionMask = 2147483647;
			files = (
			);
			runOnlyForDeploymentPostprocessing = 0;
		};
/* End PBXFrameworksBuildPhase section */

/* Begin PBXGroup section */
		EEC5D4412CCD7BF9001E46A4 = {
			isa = PBXGroup;
			children = (
				EEB6623B2CCEB63B00F0DF6F /* SleepViewController.swift */,
				EEC5D44C2CCD7BF9001E46A4 /* Sleep */,
				EEC5D4632CCD7BFA001E46A4 /* SleepTests */,
				EEC5D46D2CCD7BFA001E46A4 /* SleepUITests */,
				EEC5D44B2CCD7BF9001E46A4 /* Products */,
			);
			sourceTree = "<group>";
		};
		EEC5D44B2CCD7BF9001E46A4 /* Products */ = {
			isa = PBXGroup;
			children = (
				EEC5D44A2CCD7BF9001E46A4 /* Sleep.app */,
				EEC5D4602CCD7BFA001E46A4 /* SleepTests.xctest */,
				EEC5D46A2CCD7BFA001E46A4 /* SleepUITests.xctest */,
			);
			name = Products;
			sourceTree = "<group>";
		};
/* End PBXGroup section */

/* Begin PBXNativeTarget section */
		EEC5D4492CCD7BF9001E46A4 /* Sleep */ = {
			isa = PBXNativeTarget;
			buildConfigurationList = EEC5D4732CCD7BFA001E46A4 /* Build configuration list for PBXNativeTarget "Sleep" */;
			buildPhases = (
				EEC5D4462CCD7BF9001E46A4 /* Sources */,
				EEC5D4472CCD7BF9001E46A4 /* Frameworks */,
				EEC5D4482CCD7BF9001E46A4 /* Resources */,
			);
			buildRules = (
			);
			dependencies = (
			);
			fileSystemSynchronizedGroups = (
				EEC5D44C2CCD7BF9001E46A4 /* Sleep */,
			);
			name = Sleep;
			packageProductDependencies = (
			);
			productName = Sleep;
			productReference = EEC5D44A2CCD7BF9001E46A4 /* Sleep.app */;
			productType = "com.apple.product-type.application";
		};
		EEC5D45F2CCD7BFA001E46A4 /* SleepTests */ = {
			isa = PBXNativeTarget;
			buildConfigurationList = EEC5D4782CCD7BFA001E46A4 /* Build configuration list for PBXNativeTarget "SleepTests" */;
			buildPhases = (
				EEC5D45C2CCD7BFA001E46A4 /* Sources */,
				EEC5D45D2CCD7BFA001E46A4 /* Frameworks */,
				EEC5D45E2CCD7BFA001E46A4 /* Resources */,
			);
			buildRules = (
			);
			dependencies = (
				EEC5D4622CCD7BFA001E46A4 /* PBXTargetDependency */,
			);
			fileSystemSynchronizedGroups = (
				EEC5D4632CCD7BFA001E46A4 /* SleepTests */,
			);
			name = SleepTests;
			packageProductDependencies = (
			);
			productName = SleepTests;
			productReference = EEC5D4602CCD7BFA001E46A4 /* SleepTests.xctest */;
			productType = "com.apple.product-type.bundle.unit-test";
		};
		EEC5D4692CCD7BFA001E46A4 /* SleepUITests */ = {
			isa = PBXNativeTarget;
			buildConfigurationList = EEC5D47B2CCD7BFA001E46A4 /* Build configuration list for PBXNativeTarget "SleepUITests" */;
			buildPhases = (
				EEC5D4662CCD7BFA001E46A4 /* Sources */,
				EEC5D4672CCD7BFA001E46A4 /* Frameworks */,
				EEC5D4682CCD7BFA001E46A4 /* Resources */,
			);
			buildRules = (
			);
			dependencies = (
				EEC5D46C2CCD7BFA001E46A4 /* PBXTargetDependency */,
			);
			fileSystemSynchronizedGroups = (
				EEC5D46D2CCD7BFA001E46A4 /* SleepUITests */,
			);
			name = SleepUITests;
			packageProductDependencies = (
			);
			productName = SleepUITests;
			productReference = EEC5D46A2CCD7BFA001E46A4 /* SleepUITests.xctest */;
			productType = "com.apple.product-type.bundle.ui-testing";
		};
/* End PBXNativeTarget section */

/* Begin PBXProject section */
		EEC5D4422CCD7BF9001E46A4 /* Project object */ = {
			isa = PBXProject;
			attributes = {
				BuildIndependentTargetsInParallel = 1;
				LastSwiftUpdateCheck = 1600;
				LastUpgradeCheck = 1600;
				TargetAttributes = {
					EEC5D4492CCD7BF9001E46A4 = {
						CreatedOnToolsVersion = 16.0;
					};
					EEC5D45F2CCD7BFA001E46A4 = {
						CreatedOnToolsVersion = 16.0;
						TestTargetID = EEC5D4492CCD7BF9001E46A4;
					};
					EEC5D4692CCD7BFA001E46A4 = {
						CreatedOnToolsVersion = 16.0;
						TestTargetID = EEC5D4492CCD7BF9001E46A4;
					};
				};
			};
			buildConfigurationList = EEC5D4452CCD7BF9001E46A4 /* Build configuration list for PBXProject "Sleep" */;
			developmentRegion = en;
			hasScannedForEncodings = 0;
			knownRegions = (
				en,
				Base,
			);
			mainGroup = EEC5D4412CCD7BF9001E46A4;
			minimizedProjectReferenceProxies = 1;
			preferredProjectObjectVersion = 77;
			productRefGroup = EEC5D44B2CCD7BF9001E46A4 /* Products */;
			projectDirPath = "";
			projectRoot = "";
			targets = (
				EEC5D4492CCD7BF9001E46A4 /* Sleep */,
				EEC5D45F2CCD7BFA001E46A4 /* SleepTests */,
				EEC5D4692CCD7BFA001E46A4 /* SleepUITests */,
			);
		};
/* End PBXProject section */

/* Begin PBXResourcesBuildPhase section */
		EEC5D4482CCD7BF9001E46A4 /* Resources */ = {
			isa = PBXResourcesBuildPhase;
			buildActionMask = 2147483647;
			files = (
			);
			runOnlyForDeploymentPostprocessing = 0;
		};
		EEC5D45E2CCD7BFA001E46A4 /* Resources */ = {
			isa = PBXResourcesBuildPhase;
			buildActionMask = 2147483647;
			files = (
			);
			runOnlyForDeploymentPostprocessing = 0;
		};
		EEC5D4682CCD7BFA001E46A4 /* Resources */ = {
			isa = PBXResourcesBuildPhase;
			buildActionMask = 2147483647;
			files = (
			);
			runOnlyForDeploymentPostprocessing = 0;
		};
/* End PBXResourcesBuildPhase section */

/* Begin PBXSourcesBuildPhase section */
		EEC5D4462CCD7BF9001E46A4 /* Sources */ = {
			isa = PBXSourcesBuildPhase;
			buildActionMask = 2147483647;
			files = (
				EEB6623C2CCEB63B00F0DF6F /* SleepViewController.swift in Sources */,
			);
			runOnlyForDeploymentPostprocessing = 0;
		};
		EEC5D45C2CCD7BFA001E46A4 /* Sources */ = {
			isa = PBXSourcesBuildPhase;
			buildActionMask = 2147483647;
			files = (
			);
			runOnlyForDeploymentPostprocessing = 0;
		};
		EEC5D4662CCD7BFA001E46A4 /* Sources */ = {
			isa = PBXSourcesBuildPhase;
			buildActionMask = 2147483647;
			files = (
			);
			runOnlyForDeploymentPostprocessing = 0;
		};
/* End PBXSourcesBuildPhase section */

/* Begin PBXTargetDependency section */
		EEC5D4622CCD7BFA001E46A4 /* PBXTargetDependency */ = {
			isa = PBXTargetDependency;
			target = EEC5D4492CCD7BF9001E46A4 /* Sleep */;
			targetProxy = EEC5D4612CCD7BFA001E46A4 /* PBXContainerItemProxy */;
		};
		EEC5D46C2CCD7BFA001E46A4 /* PBXTargetDependency */ = {
			isa = PBXTargetDependency;
			target = EEC5D4492CCD7BF9001E46A4 /* Sleep */;
			targetProxy = EEC5D46B2CCD7BFA001E46A4 /* PBXContainerItemProxy */;
		};
/* End PBXTargetDependency section */

/* Begin XCBuildConfiguration section */
		EEC5D4742CCD7BFA001E46A4 /* Debug */ = {
			isa = XCBuildConfiguration;
			buildSettings = {
				ASSETCATALOG_COMPILER_APPICON_NAME = AppIcon;
				ASSETCATALOG_COMPILER_GLOBAL_ACCENT_COLOR_NAME = AccentColor;
				CODE_SIGN_STYLE = Automatic;
				CURRENT_PROJECT_VERSION = 1;
				GENERATE_INFOPLIST_FILE = YES;
				INFOPLIST_FILE = Sleep/Info.plist;
				INFOPLIST_KEY_UIApplicationSupportsIndirectInputEvents = YES;
				INFOPLIST_KEY_UILaunchStoryboardName = LaunchScreen;
				INFOPLIST_KEY_UIMainStoryboardFile = Main;
				INFOPLIST_KEY_UISupportedInterfaceOrientations_iPad = "UIInterfaceOrientationPortrait UIInterfaceOrientationPortraitUpsideDown UIInterfaceOrientationLandscapeLeft UIInterfaceOrientationLandscapeRight";
				INFOPLIST_KEY_UISupportedInterfaceOrientations_iPhone = "UIInterfaceOrientationPortrait UIInterfaceOrientationLandscapeLeft UIInterfaceOrientationLandscapeRight";
				LD_RUNPATH_SEARCH_PATHS = (
					"$(inherited)",
					"@executable_path/Frameworks",
				);
				MARKETING_VERSION = 1.0;
				PRODUCT_BUNDLE_IDENTIFIER = "Lucas-Resende.Sleep";
				PRODUCT_NAME = "$(TARGET_NAME)";
				SWIFT_EMIT_LOC_STRINGS = YES;
				SWIFT_VERSION = 5.0;
				TARGETED_DEVICE_FAMILY = "1,2";
			};
			name = Debug;
		};
		EEC5D4752CCD7BFA001E46A4 /* Release */ = {
			isa = XCBuildConfiguration;
			buildSettings = {
				ASSETCATALOG_COMPILER_APPICON_NAME = AppIcon;
				ASSETCATALOG_COMPILER_GLOBAL_ACCENT_COLOR_NAME = AccentColor;
				CODE_SIGN_STYLE = Automatic;
				CURRENT_PROJECT_VERSION = 1;
				GENERATE_INFOPLIST_FILE = YES;
				INFOPLIST_FILE = Sleep/Info.plist;
				INFOPLIST_KEY_UIApplicationSupportsIndirectInputEvents = YES;
				INFOPLIST_KEY_UILaunchStoryboardName = LaunchScreen;
				INFOPLIST_KEY_UIMainStoryboardFile = Main;
				INFOPLIST_KEY_UISupportedInterfaceOrientations_iPad = "UIInterfaceOrientationPortrait UIInterfaceOrientationPortraitUpsideDown UIInterfaceOrientationLandscapeLeft UIInterfaceOrientationLandscapeRight";
				INFOPLIST_KEY_UISupportedInterfaceOrientations_iPhone = "UIInterfaceOrientationPortrait UIInterfaceOrientationLandscapeLeft UIInterfaceOrientationLandscapeRight";
				LD_RUNPATH_SEARCH_PATHS = (
					"$(inherited)",
					"@executable_path/Frameworks",
				);
				MARKETING_VERSION = 1.0;
				PRODUCT_BUNDLE_IDENTIFIER = "Lucas-Resende.Sleep";
				PRODUCT_NAME = "$(TARGET_NAME)";
				SWIFT_EMIT_LOC_STRINGS = YES;
				SWIFT_VERSION = 5.0;
				TARGETED_DEVICE_FAMILY = "1,2";
			};
			name = Release;
		};
		EEC5D4762CCD7BFA001E46A4 /* Debug */ = {
			isa = XCBuildConfiguration;
			buildSettings = {
				ALWAYS_SEARCH_USER_PATHS = NO;
				ASSETCATALOG_COMPILER_GENERATE_SWIFT_ASSET_SYMBOL_EXTENSIONS = YES;
				CLANG_ANALYZER_NONNULL = YES;
				CLANG_ANALYZER_NUMBER_OBJECT_CONVERSION = YES_AGGRESSIVE;
				CLANG_CXX_LANGUAGE_STANDARD = "gnu++20";
				CLANG_ENABLE_MODULES = YES;
				CLANG_ENABLE_OBJC_ARC = YES;
				CLANG_ENABLE_OBJC_WEAK = YES;
				CLANG_WARN_BLOCK_CAPTURE_AUTORELEASING = YES;
				CLANG_WARN_BOOL_CONVERSION = YES;
				CLANG_WARN_COMMA = YES;
				CLANG_WARN_CONSTANT_CONVERSION = YES;
				CLANG_WARN_DEPRECATED_OBJC_IMPLEMENTATIONS = YES;
				CLANG_WARN_DIRECT_OBJC_ISA_USAGE = YES_ERROR;
				CLANG_WARN_DOCUMENTATION_COMMENTS = YES;
				CLANG_WARN_EMPTY_BODY = YES;
				CLANG_WARN_ENUM_CONVERSION = YES;
				CLANG_WARN_INFINITE_RECURSION = YES;
				CLANG_WARN_INT_CONVERSION = YES;
				CLANG_WARN_NON_LITERAL_NULL_CONVERSION = YES;
				CLANG_WARN_OBJC_IMPLICIT_RETAIN_SELF = YES;
				CLANG_WARN_OBJC_LITERAL_CONVERSION = YES;
				CLANG_WARN_OBJC_ROOT_CLASS = YES_ERROR;
				CLANG_WARN_QUOTED_INCLUDE_IN_FRAMEWORK_HEADER = YES;
				CLANG_WARN_RANGE_LOOP_ANALYSIS = YES;
				CLANG_WARN_STRICT_PROTOTYPES = YES;
				CLANG_WARN_SUSPICIOUS_MOVE = YES;
				CLANG_WARN_UNGUARDED_AVAILABILITY = YES_AGGRESSIVE;
				CLANG_WARN_UNREACHABLE_CODE = YES;
				CLANG_WARN__DUPLICATE_METHOD_MATCH = YES;
				COPY_PHASE_STRIP = NO;
				DEBUG_INFORMATION_FORMAT = dwarf;
				ENABLE_STRICT_OBJC_MSGSEND = YES;
				ENABLE_TESTABILITY = YES;
				ENABLE_USER_SCRIPT_SANDBOXING = YES;
				GCC_C_LANGUAGE_STANDARD = gnu17;
				GCC_DYNAMIC_NO_PIC = NO;
				GCC_NO_COMMON_BLOCKS = YES;
				GCC_OPTIMIZATION_LEVEL = 0;
				GCC_PREPROCESSOR_DEFINITIONS = (
					"DEBUG=1",
					"$(inherited)",
				);
				GCC_WARN_64_TO_32_BIT_CONVERSION = YES;
				GCC_WARN_ABOUT_RETURN_TYPE = YES_ERROR;
				GCC_WARN_UNDECLARED_SELECTOR = YES;
				GCC_WARN_UNINITIALIZED_AUTOS = YES_AGGRESSIVE;
				GCC_WARN_UNUSED_FUNCTION = YES;
				GCC_WARN_UNUSED_VARIABLE = YES;
				IPHONEOS_DEPLOYMENT_TARGET = 18.0;
				LOCALIZATION_PREFERS_STRING_CATALOGS = YES;
				MTL_ENABLE_DEBUG_INFO = INCLUDE_SOURCE;
				MTL_FAST_MATH = YES;
				ONLY_ACTIVE_ARCH = YES;
				SDKROOT = iphoneos;
				SWIFT_ACTIVE_COMPILATION_CONDITIONS = "DEBUG $(inherited)";
				SWIFT_OPTIMIZATION_LEVEL = "-Onone";
			};
			name = Debug;
		};
		EEC5D4772CCD7BFA001E46A4 /* Release */ = {
			isa = XCBuildConfiguration;
			buildSettings = {
				ALWAYS_SEARCH_USER_PATHS = NO;
				ASSETCATALOG_COMPILER_GENERATE_SWIFT_ASSET_SYMBOL_EXTENSIONS = YES;
				CLANG_ANALYZER_NONNULL = YES;
				CLANG_ANALYZER_NUMBER_OBJECT_CONVERSION = YES_AGGRESSIVE;
				CLANG_CXX_LANGUAGE_STANDARD = "gnu++20";
				CLANG_ENABLE_MODULES = YES;
				CLANG_ENABLE_OBJC_ARC = YES;
				CLANG_ENABLE_OBJC_WEAK = YES;
				CLANG_WARN_BLOCK_CAPTURE_AUTORELEASING = YES;
				CLANG_WARN_BOOL_CONVERSION = YES;
				CLANG_WARN_COMMA = YES;
				CLANG_WARN_CONSTANT_CONVERSION = YES;
				CLANG_WARN_DEPRECATED_OBJC_IMPLEMENTATIONS = YES;
				CLANG_WARN_DIRECT_OBJC_ISA_USAGE = YES_ERROR;
				CLANG_WARN_DOCUMENTATION_COMMENTS = YES;
				CLANG_WARN_EMPTY_BODY = YES;
				CLANG_WARN_ENUM_CONVERSION = YES;
				CLANG_WARN_INFINITE_RECURSION = YES;
				CLANG_WARN_INT_CONVERSION = YES;
				CLANG_WARN_NON_LITERAL_NULL_CONVERSION = YES;
				CLANG_WARN_OBJC_IMPLICIT_RETAIN_SELF = YES;
				CLANG_WARN_OBJC_LITERAL_CONVERSION = YES;
				CLANG_WARN_OBJC_ROOT_CLASS = YES_ERROR;
				CLANG_WARN_QUOTED_INCLUDE_IN_FRAMEWORK_HEADER = YES;
				CLANG_WARN_RANGE_LOOP_ANALYSIS = YES;
				CLANG_WARN_STRICT_PROTOTYPES = YES;
				CLANG_WARN_SUSPICIOUS_MOVE = YES;
				CLANG_WARN_UNGUARDED_AVAILABILITY = YES_AGGRESSIVE;
				CLANG_WARN_UNREACHABLE_CODE = YES;
				CLANG_WARN__DUPLICATE_METHOD_MATCH = YES;
				COPY_PHASE_STRIP = NO;
				DEBUG_INFORMATION_FORMAT = "dwarf-with-dsym";
				ENABLE_NS_ASSERTIONS = NO;
				ENABLE_STRICT_OBJC_MSGSEND = YES;
				ENABLE_USER_SCRIPT_SANDBOXING = YES;
				GCC_C_LANGUAGE_STANDARD = gnu17;
				GCC_NO_COMMON_BLOCKS = YES;
				GCC_WARN_64_TO_32_BIT_CONVERSION = YES;
				GCC_WARN_ABOUT_RETURN_TYPE = YES_ERROR;
				GCC_WARN_UNDECLARED_SELECTOR = YES;
				GCC_WARN_UNINITIALIZED_AUTOS = YES_AGGRESSIVE;
				GCC_WARN_UNUSED_FUNCTION = YES;
				GCC_WARN_UNUSED_VARIABLE = YES;
				IPHONEOS_DEPLOYMENT_TARGET = 18.0;
				LOCALIZATION_PREFERS_STRING_CATALOGS = YES;
				MTL_ENABLE_DEBUG_INFO = NO;
				MTL_FAST_MATH = YES;
				SDKROOT = iphoneos;
				SWIFT_COMPILATION_MODE = wholemodule;
				VALIDATE_PRODUCT = YES;
			};
			name = Release;
		};
		EEC5D4792CCD7BFA001E46A4 /* Debug */ = {
			isa = XCBuildConfiguration;
			buildSettings = {
				BUNDLE_LOADER = "$(TEST_HOST)";
				CODE_SIGN_STYLE = Automatic;
				CURRENT_PROJECT_VERSION = 1;
				GENERATE_INFOPLIST_FILE = YES;
				IPHONEOS_DEPLOYMENT_TARGET = 18.0;
				MARKETING_VERSION = 1.0;
				PRODUCT_BUNDLE_IDENTIFIER = "Lucas-Resende.SleepTests";
				PRODUCT_NAME = "$(TARGET_NAME)";
				SWIFT_EMIT_LOC_STRINGS = NO;
				SWIFT_VERSION = 5.0;
				TARGETED_DEVICE_FAMILY = "1,2";
				TEST_HOST = "$(BUILT_PRODUCTS_DIR)/Sleep.app/$(BUNDLE_EXECUTABLE_FOLDER_PATH)/Sleep";
			};
			name = Debug;
		};
		EEC5D47A2CCD7BFA001E46A4 /* Release */ = {
			isa = XCBuildConfiguration;
			buildSettings = {
				BUNDLE_LOADER = "$(TEST_HOST)";
				CODE_SIGN_STYLE = Automatic;
				CURRENT_PROJECT_VERSION = 1;
				GENERATE_INFOPLIST_FILE = YES;
				IPHONEOS_DEPLOYMENT_TARGET = 18.0;
				MARKETING_VERSION = 1.0;
				PRODUCT_BUNDLE_IDENTIFIER = "Lucas-Resende.SleepTests";
				PRODUCT_NAME = "$(TARGET_NAME)";
				SWIFT_EMIT_LOC_STRINGS = NO;
				SWIFT_VERSION = 5.0;
				TARGETED_DEVICE_FAMILY = "1,2";
				TEST_HOST = "$(BUILT_PRODUCTS_DIR)/Sleep.app/$(BUNDLE_EXECUTABLE_FOLDER_PATH)/Sleep";
			};
			name = Release;
		};
		EEC5D47C2CCD7BFA001E46A4 /* Debug */ = {
			isa = XCBuildConfiguration;
			buildSettings = {
				CODE_SIGN_STYLE = Automatic;
				CURRENT_PROJECT_VERSION = 1;
				GENERATE_INFOPLIST_FILE = YES;
				MARKETING_VERSION = 1.0;
				PRODUCT_BUNDLE_IDENTIFIER = "Lucas-Resende.SleepUITests";
				PRODUCT_NAME = "$(TARGET_NAME)";
				SWIFT_EMIT_LOC_STRINGS = NO;
				SWIFT_VERSION = 5.0;
				TARGETED_DEVICE_FAMILY = "1,2";
				TEST_TARGET_NAME = Sleep;
			};
			name = Debug;
		};
		EEC5D47D2CCD7BFA001E46A4 /* Release */ = {
			isa = XCBuildConfiguration;
			buildSettings = {
				CODE_SIGN_STYLE = Automatic;
				CURRENT_PROJECT_VERSION = 1;
				GENERATE_INFOPLIST_FILE = YES;
				MARKETING_VERSION = 1.0;
				PRODUCT_BUNDLE_IDENTIFIER = "Lucas-Resende.SleepUITests";
				PRODUCT_NAME = "$(TARGET_NAME)";
				SWIFT_EMIT_LOC_STRINGS = NO;
				SWIFT_VERSION = 5.0;
				TARGETED_DEVICE_FAMILY = "1,2";
				TEST_TARGET_NAME = Sleep;
			};
			name = Release;
		};
/* End XCBuildConfiguration section */

/* Begin XCConfigurationList section */
		EEC5D4452CCD7BF9001E46A4 /* Build configuration list for PBXProject "Sleep" */ = {
			isa = XCConfigurationList;
			buildConfigurations = (
				EEC5D4762CCD7BFA001E46A4 /* Debug */,
				EEC5D4772CCD7BFA001E46A4 /* Release */,
			);
			defaultConfigurationIsVisible = 0;
			defaultConfigurationName = Release;
		};
		EEC5D4732CCD7BFA001E46A4 /* Build configuration list for PBXNativeTarget "Sleep" */ = {
			isa = XCConfigurationList;
			buildConfigurations = (
				EEC5D4742CCD7BFA001E46A4 /* Debug */,
				EEC5D4752CCD7BFA001E46A4 /* Release */,
			);
			defaultConfigurationIsVisible = 0;
			defaultConfigurationName = Release;
		};
		EEC5D4782CCD7BFA001E46A4 /* Build configuration list for PBXNativeTarget "SleepTests" */ = {
			isa = XCConfigurationList;
			buildConfigurations = (
				EEC5D4792CCD7BFA001E46A4 /* Debug */,
				EEC5D47A2CCD7BFA001E46A4 /* Release */,
			);
			defaultConfigurationIsVisible = 0;
			defaultConfigurationName = Release;
		};
		EEC5D47B2CCD7BFA001E46A4 /* Build configuration list for PBXNativeTarget "SleepUITests" */ = {
			isa = XCConfigurationList;
			buildConfigurations = (
				EEC5D47C2CCD7BFA001E46A4 /* Debug */,
				EEC5D47D2CCD7BFA001E46A4 /* Release */,
			);
			defaultConfigurationIsVisible = 0;
			defaultConfigurationName = Release;
		};
/* End XCConfigurationList section */
	};
	rootObject = EEC5D4422CCD7BF9001E46A4 /* Project object */;
}
